
Microsoft Visual Studio Solution File, Format Version 12.00
# Visual Studio 2012
Project("{FAE04EC0-301F-11D3-BF4B-00C04F79EFBC}") = "MetroLepra.Core", "MetroLepraCore\MetroLepra.Core.csproj", "{9D489EFF-80EE-4F1B-914F-C5F45F58CC85}"
EndProject
Project("{FAE04EC0-301F-11D3-BF4B-00C04F79EFBC}") = "Lab", "Lab\Lab.csproj", "{0160EF19-CA4D-4799-8FF8-A07B91401B20}"
EndProject
Project("{FAE04EC0-301F-11D3-BF4B-00C04F79EFBC}") = "MetroLepra.Model", "MetroLepraModel\MetroLepra.Model.csproj", "{25AE8F25-279F-44E1-8D7D-03738304C5DE}"
EndProject
Project("{FAE04EC0-301F-11D3-BF4B-00C04F79EFBC}") = "MetroLepra.App", "MetroLepra.App\MetroLepra.App.csproj", "{05831882-260A-4851-8AB6-ED78003D42B8}"
EndProject
Global
	GlobalSection(SolutionConfigurationPlatforms) = preSolution
		Debug|Any CPU = Debug|Any CPU
		Debug|ARM = Debug|ARM
		Debug|x86 = Debug|x86
		Release|Any CPU = Release|Any CPU
		Release|ARM = Release|ARM
		Release|x86 = Release|x86
	EndGlobalSection
	GlobalSection(ProjectConfigurationPlatforms) = postSolution
		{9D489EFF-80EE-4F1B-914F-C5F45F58CC85}.Debug|Any CPU.ActiveCfg = Debug|ARM
		{9D489EFF-80EE-4F1B-914F-C5F45F58CC85}.Debug|Any CPU.Build.0 = Debug|ARM
		{9D489EFF-80EE-4F1B-914F-C5F45F58CC85}.Debug|ARM.ActiveCfg = Debug|ARM
		{9D489EFF-80EE-4F1B-914F-C5F45F58CC85}.Debug|ARM.Build.0 = Debug|ARM
		{9D489EFF-80EE-4F1B-914F-C5F45F58CC85}.Debug|x86.ActiveCfg = Debug|x86
		{9D489EFF-80EE-4F1B-914F-C5F45F58CC85}.Debug|x86.Build.0 = Debug|x86
		{9D489EFF-80EE-4F1B-914F-C5F45F58CC85}.Release|Any CPU.ActiveCfg = Release|Any CPU
		{9D489EFF-80EE-4F1B-914F-C5F45F58CC85}.Release|Any CPU.Build.0 = Release|Any CPU
		{9D489EFF-80EE-4F1B-914F-C5F45F58CC85}.Release|ARM.ActiveCfg = Release|ARM
		{9D489EFF-80EE-4F1B-914F-C5F45F58CC85}.Release|ARM.Build.0 = Release|ARM
		{9D489EFF-80EE-4F1B-914F-C5F45F58CC85}.Release|x86.ActiveCfg = Release|x86
		{9D489EFF-80EE-4F1B-914F-C5F45F58CC85}.Release|x86.Build.0 = Release|x86
		{0160EF19-CA4D-4799-8FF8-A07B91401B20}.Debug|Any CPU.ActiveCfg = Debug|ARM
		{0160EF19-CA4D-4799-8FF8-A07B91401B20}.Debug|Any CPU.Build.0 = Debug|ARM
		{0160EF19-CA4D-4799-8FF8-A07B91401B20}.Debug|Any CPU.Deploy.0 = Debug|ARM
		{0160EF19-CA4D-4799-8FF8-A07B91401B20}.Debug|ARM.ActiveCfg = Debug|ARM
		{0160EF19-CA4D-4799-8FF8-A07B91401B20}.Debug|ARM.Build.0 = Debug|ARM
		{0160EF19-CA4D-4799-8FF8-A07B91401B20}.Debug|ARM.Deploy.0 = Debug|ARM
		{0160EF19-CA4D-4799-8FF8-A07B91401B20}.Debug|x86.ActiveCfg = Debug|x86
		{0160EF19-CA4D-4799-8FF8-A07B91401B20}.Debug|x86.Build.0 = Debug|x86
		{0160EF19-CA4D-4799-8FF8-A07B91401B20}.Debug|x86.Deploy.0 = Debug|x86
		{0160EF19-CA4D-4799-8FF8-A07B91401B20}.Release|Any CPU.ActiveCfg = Release|Any CPU
		{0160EF19-CA4D-4799-8FF8-A07B91401B20}.Release|Any CPU.Build.0 = Release|Any CPU
		{0160EF19-CA4D-4799-8FF8-A07B91401B20}.Release|Any CPU.Deploy.0 = Release|Any CPU
		{0160EF19-CA4D-4799-8FF8-A07B91401B20}.Release|ARM.ActiveCfg = Release|ARM
		{0160EF19-CA4D-4799-8FF8-A07B91401B20}.Release|ARM.Build.0 = Release|ARM
		{0160EF19-CA4D-4799-8FF8-A07B91401B20}.Release|ARM.Deploy.0 = Release|ARM
		{0160EF19-CA4D-4799-8FF8-A07B91401B20}.Release|x86.ActiveCfg = Release|x86
		{0160EF19-CA4D-4799-8FF8-A07B91401B20}.Release|x86.Build.0 = Release|x86
		{0160EF19-CA4D-4799-8FF8-A07B91401B20}.Release|x86.Deploy.0 = Release|x86
		{25AE8F25-279F-44E1-8D7D-03738304C5DE}.Debug|Any CPU.ActiveCfg = Debug|ARM
		{25AE8F25-279F-44E1-8D7D-03738304C5DE}.Debug|Any CPU.Build.0 = Debug|ARM
		{25AE8F25-279F-44E1-8D7D-03738304C5DE}.Debug|ARM.ActiveCfg = Debug|ARM
		{25AE8F25-279F-44E1-8D7D-03738304C5DE}.Debug|ARM.Build.0 = Debug|ARM
		{25AE8F25-279F-44E1-8D7D-03738304C5DE}.Debug|x86.ActiveCfg = Debug|x86
		{25AE8F25-279F-44E1-8D7D-03738304C5DE}.Debug|x86.Build.0 = Debug|x86
		{25AE8F25-279F-44E1-8D7D-03738304C5DE}.Release|Any CPU.ActiveCfg = Release|Any CPU
		{25AE8F25-279F-44E1-8D7D-03738304C5DE}.Release|Any CPU.Build.0 = Release|Any CPU
		{25AE8F25-279F-44E1-8D7D-03738304C5DE}.Release|ARM.ActiveCfg = Release|ARM
		{25AE8F25-279F-44E1-8D7D-03738304C5DE}.Release|ARM.Build.0 = Release|ARM
		{25AE8F25-279F-44E1-8D7D-03738304C5DE}.Release|x86.ActiveCfg = Release|x86
		{25AE8F25-279F-44E1-8D7D-03738304C5DE}.Release|x86.Build.0 = Release|x86
		{05831882-260A-4851-8AB6-ED78003D42B8}.Debug|Any CPU.ActiveCfg = Debug|ARM
		{05831882-260A-4851-8AB6-ED78003D42B8}.Debug|Any CPU.Build.0 = Debug|ARM
		{05831882-260A-4851-8AB6-ED78003D42B8}.Debug|Any CPU.Deploy.0 = Debug|ARM
		{05831882-260A-4851-8AB6-ED78003D42B8}.Debug|ARM.ActiveCfg = Debug|ARM
		{05831882-260A-4851-8AB6-ED78003D42B8}.Debug|ARM.Build.0 = Debug|ARM
		{05831882-260A-4851-8AB6-ED78003D42B8}.Debug|ARM.Deploy.0 = Debug|ARM
		{05831882-260A-4851-8AB6-ED78003D42B8}.Debug|x86.ActiveCfg = Debug|x86
		{05831882-260A-4851-8AB6-ED78003D42B8}.Debug|x86.Build.0 = Debug|x86
		{05831882-260A-4851-8AB6-ED78003D42B8}.Debug|x86.Deploy.0 = Debug|x86
		{05831882-260A-4851-8AB6-ED78003D42B8}.Release|Any CPU.ActiveCfg = Release|Any CPU
		{05831882-260A-4851-8AB6-ED78003D42B8}.Release|Any CPU.Build.0 = Release|Any CPU
		{05831882-260A-4851-8AB6-ED78003D42B8}.Release|Any CPU.Deploy.0 = Release|Any CPU
		{05831882-260A-4851-8AB6-ED78003D42B8}.Release|ARM.ActiveCfg = Release|ARM
		{05831882-260A-4851-8AB6-ED78003D42B8}.Release|ARM.Build.0 = Release|ARM
		{05831882-260A-4851-8AB6-ED78003D42B8}.Release|ARM.Deploy.0 = Release|ARM
		{05831882-260A-4851-8AB6-ED78003D42B8}.Release|x86.ActiveCfg = Release|x86
		{05831882-260A-4851-8AB6-ED78003D42B8}.Release|x86.Build.0 = Release|x86
		{05831882-260A-4851-8AB6-ED78003D42B8}.Release|x86.Deploy.0 = Release|x86
	EndGlobalSection
	GlobalSection(SolutionProperties) = preSolution
		HideSolutionNode = FALSE
	EndGlobalSection
EndGlobal
